<Solution>
  <Project Path="ReachTether.Robot/ReachTether.Robot.csproj" Id="cde60863-1db5-46ff-ba36-3cfaf177bfde" />
  <Project Path="ReachyMini.Sdk/ReachyMini.Sdk.csproj" />
  <Project Path="src/ReachTether.Audio.Alsa/ReachTether.Audio.Alsa.csproj" />
  <Project Path="src/ReachTether.Audio/ReachTether.Audio.csproj" />
  <Project Path="src/ReachTether.WebRtc/ReachTether.WebRtc.csproj" />
</Solution>
