
Microsoft Visual Studio Solution File, Format Version 12.00
# Visual Studio Version 18
VisualStudioVersion = 18.1.11304.174 d18.0
MinimumVisualStudioVersion = 10.0.40219.1
Project("{FAE04EC0-301F-11D3-BF4B-00C04F79EFBC}") = "ChattyReachyMini", "ChattyReachyMini.csproj", "{FA32A125-8E23-5DF0-6FA4-61830FCEA3E5}"
EndProject
Project("{FAE04EC0-301F-11D3-BF4B-00C04F79EFBC}") = "ReachyMini.Audio", "..\..\src\ReachyMini.Audio\ReachyMini.Audio.csproj", "{DFFBCB2C-F192-F654-2A47-3C863169E324}"
EndProject
Project("{FAE04EC0-301F-11D3-BF4B-00C04F79EFBC}") = "ReachyMini.Audio.Alsa", "..\..\src\ReachyMini.Audio.Alsa\ReachyMini.Audio.Alsa.csproj", "{6E7A1F2D-6F68-4AA5-BFA7-FA356EAA3F4A}"
EndProject
Project("{FAE04EC0-301F-11D3-BF4B-00C04F79EFBC}") = "ReachyMini.WebRtc", "..\..\src\ReachyMini.WebRtc\ReachyMini.WebRtc.csproj", "{2FE449FD-C6F6-5490-33D0-591C952005D4}"
EndProject
Project("{FAE04EC0-301F-11D3-BF4B-00C04F79EFBC}") = "ReachyMini.Sdk", "..\..\ReachyMini.Sdk\ReachyMini.Sdk.csproj", "{1D3A7575-CBE2-49AC-6C78-831AF3097A3A}"
EndProject
Global
	GlobalSection(SolutionConfigurationPlatforms) = preSolution
		Debug|Any CPU = Debug|Any CPU
		Release|Any CPU = Release|Any CPU
	EndGlobalSection
	GlobalSection(ProjectConfigurationPlatforms) = postSolution
		{FA32A125-8E23-5DF0-6FA4-61830FCEA3E5}.Debug|Any CPU.ActiveCfg = Debug|Any CPU
		{FA32A125-8E23-5DF0-6FA4-61830FCEA3E5}.Debug|Any CPU.Build.0 = Debug|Any CPU
		{FA32A125-8E23-5DF0-6FA4-61830FCEA3E5}.Release|Any CPU.ActiveCfg = Release|Any CPU
		{FA32A125-8E23-5DF0-6FA4-61830FCEA3E5}.Release|Any CPU.Build.0 = Release|Any CPU
		{DFFBCB2C-F192-F654-2A47-3C863169E324}.Debug|Any CPU.ActiveCfg = Debug|Any CPU
		{DFFBCB2C-F192-F654-2A47-3C863169E324}.Debug|Any CPU.Build.0 = Debug|Any CPU
		{DFFBCB2C-F192-F654-2A47-3C863169E324}.Release|Any CPU.ActiveCfg = Release|Any CPU
		{DFFBCB2C-F192-F654-2A47-3C863169E324}.Release|Any CPU.Build.0 = Release|Any CPU
		{6E7A1F2D-6F68-4AA5-BFA7-FA356EAA3F4A}.Debug|Any CPU.ActiveCfg = Debug|Any CPU
		{6E7A1F2D-6F68-4AA5-BFA7-FA356EAA3F4A}.Debug|Any CPU.Build.0 = Debug|Any CPU
		{6E7A1F2D-6F68-4AA5-BFA7-FA356EAA3F4A}.Release|Any CPU.ActiveCfg = Release|Any CPU
		{6E7A1F2D-6F68-4AA5-BFA7-FA356EAA3F4A}.Release|Any CPU.Build.0 = Release|Any CPU
		{2FE449FD-C6F6-5490-33D0-591C952005D4}.Debug|Any CPU.ActiveCfg = Debug|Any CPU
		{2FE449FD-C6F6-5490-33D0-591C952005D4}.Debug|Any CPU.Build.0 = Debug|Any CPU
		{2FE449FD-C6F6-5490-33D0-591C952005D4}.Release|Any CPU.ActiveCfg = Release|Any CPU
		{2FE449FD-C6F6-5490-33D0-591C952005D4}.Release|Any CPU.Build.0 = Release|Any CPU
		{1D3A7575-CBE2-49AC-6C78-831AF3097A3A}.Debug|Any CPU.ActiveCfg = Debug|Any CPU
		{1D3A7575-CBE2-49AC-6C78-831AF3097A3A}.Debug|Any CPU.Build.0 = Debug|Any CPU
		{1D3A7575-CBE2-49AC-6C78-831AF3097A3A}.Release|Any CPU.ActiveCfg = Release|Any CPU
		{1D3A7575-CBE2-49AC-6C78-831AF3097A3A}.Release|Any CPU.Build.0 = Release|Any CPU
	EndGlobalSection
	GlobalSection(SolutionProperties) = preSolution
		HideSolutionNode = FALSE
	EndGlobalSection
	GlobalSection(ExtensibilityGlobals) = postSolution
		SolutionGuid = {D205F712-2B6B-41F9-A219-0BE68E0BB711}
	EndGlobalSection
EndGlobal
